// !$*UTF8*$!
{
	archiveVersion = 1;
	classes = {
	};
	objectVersion = 56;
	objects = {

/* Begin PBXBuildFile section */
		2C2143102988198C00554B15 /* Loop.swift in Sources */ = {isa = PBXBuildFile; fileRef = 2C21430F2988198C00554B15 /* Loop.swift */; };
		2CB3BEE5298CC10A009A4EA4 /* Myenum.swift in Sources */ = {isa = PBXBuildFile; fileRef = 2CB3BEE4298CC10A009A4EA4 /* Myenum.swift */; };
		2CB3BEE7298CD02C009A4EA4 /* Myswitch.swift in Sources */ = {isa = PBXBuildFile; fileRef = 2CB3BEE6298CD02C009A4EA4 /* Myswitch.swift */; };
		2CE654802987B1BB003F5CBB /* StudyApp.swift in Sources */ = {isa = PBXBuildFile; fileRef = 2CE6547F2987B1BB003F5CBB /* StudyApp.swift */; };
		2CE654822987B1BB003F5CBB /* ContentView.swift in Sources */ = {isa = PBXBuildFile; fileRef = 2CE654812987B1BB003F5CBB /* ContentView.swift */; };
		2CE654842987B1BC003F5CBB /* Assets.xcassets in Resources */ = {isa = PBXBuildFile; fileRef = 2CE654832987B1BC003F5CBB /* Assets.xcassets */; };
		2CE654872987B1BC003F5CBB /* Preview Assets.xcassets in Resources */ = {isa = PBXBuildFile; fileRef = 2CE654862987B1BC003F5CBB /* Preview Assets.xcassets */; };
		2CE654912987B1BC003F5CBB /* StudyTests.swift in Sources */ = {isa = PBXBuildFile; fileRef = 2CE654902987B1BC003F5CBB /* StudyTests.swift */; };
		2CE6549B2987B1BC003F5CBB /* StudyUITests.swift in Sources */ = {isa = PBXBuildFile; fileRef = 2CE6549A2987B1BC003F5CBB /* StudyUITests.swift */; };
		2CE6549D2987B1BC003F5CBB /* StudyUITestsLaunchTests.swift in Sources */ = {isa = PBXBuildFile; fileRef = 2CE6549C2987B1BC003F5CBB /* StudyUITestsLaunchTests.swift */; };
		2CE654AC2987B91C003F5CBB /* myFunction.swift in Sources */ = {isa = PBXBuildFile; fileRef = 2CE654AB2987B91C003F5CBB /* myFunction.swift */; };
/* End PBXBuildFile section */

/* Begin PBXContainerItemProxy section */
		2CE6548D2987B1BC003F5CBB /* PBXContainerItemProxy */ = {
			isa = PBXContainerItemProxy;
			containerPortal = 2CE654742987B1BB003F5CBB /* Project object */;
			proxyType = 1;
			remoteGlobalIDString = 2CE6547B2987B1BB003F5CBB;
			remoteInfo = Study;
		};
		2CE654972987B1BC003F5CBB /* PBXContainerItemProxy */ = {
			isa = PBXContainerItemProxy;
			containerPortal = 2CE654742987B1BB003F5CBB /* Project object */;
			proxyType = 1;
			remoteGlobalIDString = 2CE6547B2987B1BB003F5CBB;
			remoteInfo = Study;
		};
/* End PBXContainerItemProxy section */

/* Begin PBXFileReference section */
		2C21430E2987FE7100554B15 /* README.md */ = {isa = PBXFileReference; lastKnownFileType = net.daringfireball.markdown; path = README.md; sourceTree = "<group>"; };
		2C21430F2988198C00554B15 /* Loop.swift */ = {isa = PBXFileReference; lastKnownFileType = sourcecode.swift; path = Loop.swift; sourceTree = "<group>"; };
		2CB3BEE4298CC10A009A4EA4 /* Myenum.swift */ = {isa = PBXFileReference; lastKnownFileType = sourcecode.swift; path = Myenum.swift; sourceTree = "<group>"; };
		2CB3BEE6298CD02C009A4EA4 /* Myswitch.swift */ = {isa = PBXFileReference; lastKnownFileType = sourcecode.swift; path = Myswitch.swift; sourceTree = "<group>"; };
		2CE6547C2987B1BB003F5CBB /* Study.app */ = {isa = PBXFileReference; explicitFileType = wrapper.application; includeInIndex = 0; path = Study.app; sourceTree = BUILT_PRODUCTS_DIR; };
		2CE6547F2987B1BB003F5CBB /* StudyApp.swift */ = {isa = PBXFileReference; lastKnownFileType = sourcecode.swift; path = StudyApp.swift; sourceTree = "<group>"; };
		2CE654812987B1BB003F5CBB /* ContentView.swift */ = {isa = PBXFileReference; lastKnownFileType = sourcecode.swift; path = ContentView.swift; sourceTree = "<group>"; };
		2CE654832987B1BC003F5CBB /* Assets.xcassets */ = {isa = PBXFileReference; lastKnownFileType = folder.assetcatalog; path = Assets.xcassets; sourceTree = "<group>"; };
		2CE654862987B1BC003F5CBB /* Preview Assets.xcassets */ = {isa = PBXFileReference; lastKnownFileType = folder.assetcatalog; path = "Preview Assets.xcassets"; sourceTree = "<group>"; };
		2CE6548C2987B1BC003F5CBB /* StudyTests.xctest */ = {isa = PBXFileReference; explicitFileType = wrapper.cfbundle; includeInIndex = 0; path = StudyTests.xctest; sourceTree = BUILT_PRODUCTS_DIR; };
		2CE654902987B1BC003F5CBB /* StudyTests.swift */ = {isa = PBXFileReference; lastKnownFileType = sourcecode.swift; path = StudyTests.swift; sourceTree = "<group>"; };
		2CE654962987B1BC003F5CBB /* StudyUITests.xctest */ = {isa = PBXFileReference; explicitFileType = wrapper.cfbundle; includeInIndex = 0; path = StudyUITests.xctest; sourceTree = BUILT_PRODUCTS_DIR; };
		2CE6549A2987B1BC003F5CBB /* StudyUITests.swift */ = {isa = PBXFileReference; lastKnownFileType = sourcecode.swift; path = StudyUITests.swift; sourceTree = "<group>"; };
		2CE6549C2987B1BC003F5CBB /* StudyUITestsLaunchTests.swift */ = {isa = PBXFileReference; lastKnownFileType = sourcecode.swift; path = StudyUITestsLaunchTests.swift; sourceTree = "<group>"; };
		2CE654AB2987B91C003F5CBB /* myFunction.swift */ = {isa = PBXFileReference; lastKnownFileType = sourcecode.swift; path = myFunction.swift; sourceTree = "<group>"; };
/* End PBXFileReference section */

/* Begin PBXFrameworksBuildPhase section */
		2CE654792987B1BB003F5CBB /* Frameworks */ = {
			isa = PBXFrameworksBuildPhase;
			buildActionMask = 2147483647;
			files = (
			);
			runOnlyForDeploymentPostprocessing = 0;
		};
		2CE654892987B1BC003F5CBB /* Frameworks */ = {
			isa = PBXFrameworksBuildPhase;
			buildActionMask = 2147483647;
			files = (
			);
			runOnlyForDeploymentPostprocessing = 0;
		};
		2CE654932987B1BC003F5CBB /* Frameworks */ = {
			isa = PBXFrameworksBuildPhase;
			buildActionMask = 2147483647;
			files = (
			);
			runOnlyForDeploymentPostprocessing = 0;
		};
/* End PBXFrameworksBuildPhase section */

/* Begin PBXGroup section */
		2CE654732987B1BB003F5CBB = {
			isa = PBXGroup;
			children = (
				2CE6547E2987B1BB003F5CBB /* Study */,
				2CE6548F2987B1BC003F5CBB /* StudyTests */,
				2CE654992987B1BC003F5CBB /* StudyUITests */,
				2CE6547D2987B1BB003F5CBB /* Products */,
			);
			sourceTree = "<group>";
		};
		2CE6547D2987B1BB003F5CBB /* Products */ = {
			isa = PBXGroup;
			children = (
				2CE6547C2987B1BB003F5CBB /* Study.app */,
				2CE6548C2987B1BC003F5CBB /* StudyTests.xctest */,
				2CE654962987B1BC003F5CBB /* StudyUITests.xctest */,
			);
			name = Products;
			sourceTree = "<group>";
		};
		2CE6547E2987B1BB003F5CBB /* Study */ = {
			isa = PBXGroup;
			children = (
				2CB3BEE6298CD02C009A4EA4 /* Myswitch.swift */,
				2CB3BEE4298CC10A009A4EA4 /* Myenum.swift */,
				2C21430F2988198C00554B15 /* Loop.swift */,
				2C21430E2987FE7100554B15 /* README.md */,
				2CE654AB2987B91C003F5CBB /* myFunction.swift */,
				2CE6547F2987B1BB003F5CBB /* StudyApp.swift */,
				2CE654812987B1BB003F5CBB /* ContentView.swift */,
				2CE654832987B1BC003F5CBB /* Assets.xcassets */,
				2CE654852987B1BC003F5CBB /* Preview Content */,
			);
			path = Study;
			sourceTree = "<group>";
		};
		2CE654852987B1BC003F5CBB /* Preview Content */ = {
			isa = PBXGroup;
			children = (
				2CE654862987B1BC003F5CBB /* Preview Assets.xcassets */,
			);
			path = "Preview Content";
			sourceTree = "<group>";
		};
		2CE6548F2987B1BC003F5CBB /* StudyTests */ = {
			isa = PBXGroup;
			children = (
				2CE654902987B1BC003F5CBB /* StudyTests.swift */,
			);
			path = StudyTests;
			sourceTree = "<group>";
		};
		2CE654992987B1BC003F5CBB /* StudyUITests */ = {
			isa = PBXGroup;
			children = (
				2CE6549A2987B1BC003F5CBB /* StudyUITests.swift */,
				2CE6549C2987B1BC003F5CBB /* StudyUITestsLaunchTests.swift */,
			);
			path = StudyUITests;
			sourceTree = "<group>";
		};
/* End PBXGroup section */

/* Begin PBXNativeTarget section */
		2CE6547B2987B1BB003F5CBB /* Study */ = {
			isa = PBXNativeTarget;
			buildConfigurationList = 2CE654A02987B1BC003F5CBB /* Build configuration list for PBXNativeTarget "Study" */;
			buildPhases = (
				2CE654782987B1BB003F5CBB /* Sources */,
				2CE654792987B1BB003F5CBB /* Frameworks */,
				2CE6547A2987B1BB003F5CBB /* Resources */,
			);
			buildRules = (
			);
			dependencies = (
			);
			name = Study;
			productName = Study;
			productReference = 2CE6547C2987B1BB003F5CBB /* Study.app */;
			productType = "com.apple.product-type.application";
		};
		2CE6548B2987B1BC003F5CBB /* StudyTests */ = {
			isa = PBXNativeTarget;
			buildConfigurationList = 2CE654A32987B1BC003F5CBB /* Build configuration list for PBXNativeTarget "StudyTests" */;
			buildPhases = (
				2CE654882987B1BC003F5CBB /* Sources */,
				2CE654892987B1BC003F5CBB /* Frameworks */,
				2CE6548A2987B1BC003F5CBB /* Resources */,
			);
			buildRules = (
			);
			dependencies = (
				2CE6548E2987B1BC003F5CBB /* PBXTargetDependency */,
			);
			name = StudyTests;
			productName = StudyTests;
			productReference = 2CE6548C2987B1BC003F5CBB /* StudyTests.xctest */;
			productType = "com.apple.product-type.bundle.unit-test";
		};
		2CE654952987B1BC003F5CBB /* StudyUITests */ = {
			isa = PBXNativeTarget;
			buildConfigurationList = 2CE654A62987B1BC003F5CBB /* Build configuration list for PBXNativeTarget "StudyUITests" */;
			buildPhases = (
				2CE654922987B1BC003F5CBB /* Sources */,
				2CE654932987B1BC003F5CBB /* Frameworks */,
				2CE654942987B1BC003F5CBB /* Resources */,
			);
			buildRules = (
			);
			dependencies = (
				2CE654982987B1BC003F5CBB /* PBXTargetDependency */,
			);
			name = StudyUITests;
			productName = StudyUITests;
			productReference = 2CE654962987B1BC003F5CBB /* StudyUITests.xctest */;
			productType = "com.apple.product-type.bundle.ui-testing";
		};
/* End PBXNativeTarget section */

/* Begin PBXProject section */
		2CE654742987B1BB003F5CBB /* Project object */ = {
			isa = PBXProject;
			attributes = {
				BuildIndependentTargetsInParallel = 1;
				LastSwiftUpdateCheck = 1420;
				LastUpgradeCheck = 1420;
				TargetAttributes = {
					2CE6547B2987B1BB003F5CBB = {
						CreatedOnToolsVersion = 14.2;
					};
					2CE6548B2987B1BC003F5CBB = {
						CreatedOnToolsVersion = 14.2;
						TestTargetID = 2CE6547B2987B1BB003F5CBB;
					};
					2CE654952987B1BC003F5CBB = {
						CreatedOnToolsVersion = 14.2;
						TestTargetID = 2CE6547B2987B1BB003F5CBB;
					};
				};
			};
			buildConfigurationList = 2CE654772987B1BB003F5CBB /* Build configuration list for PBXProject "Study" */;
			compatibilityVersion = "Xcode 14.0";
			developmentRegion = en;
			hasScannedForEncodings = 0;
			knownRegions = (
				en,
				Base,
			);
			mainGroup = 2CE654732987B1BB003F5CBB;
			productRefGroup = 2CE6547D2987B1BB003F5CBB /* Products */;
			projectDirPath = "";
			projectRoot = "";
			targets = (
				2CE6547B2987B1BB003F5CBB /* Study */,
				2CE6548B2987B1BC003F5CBB /* StudyTests */,
				2CE654952987B1BC003F5CBB /* StudyUITests */,
			);
		};
/* End PBXProject section */

/* Begin PBXResourcesBuildPhase section */
		2CE6547A2987B1BB003F5CBB /* Resources */ = {
			isa = PBXResourcesBuildPhase;
			buildActionMask = 2147483647;
			files = (
				2CE654872987B1BC003F5CBB /* Preview Assets.xcassets in Resources */,
				2CE654842987B1BC003F5CBB /* Assets.xcassets in Resources */,
			);
			runOnlyForDeploymentPostprocessing = 0;
		};
		2CE6548A2987B1BC003F5CBB /* Resources */ = {
			isa = PBXResourcesBuildPhase;
			buildActionMask = 2147483647;
			files = (
			);
			runOnlyForDeploymentPostprocessing = 0;
		};
		2CE654942987B1BC003F5CBB /* Resources */ = {
			isa = PBXResourcesBuildPhase;
			buildActionMask = 2147483647;
			files = (
			);
			runOnlyForDeploymentPostprocessing = 0;
		};
/* End PBXResourcesBuildPhase section */

/* Begin PBXSourcesBuildPhase section */
		2CE654782987B1BB003F5CBB /* Sources */ = {
			isa = PBXSourcesBuildPhase;
			buildActionMask = 2147483647;
			files = (
				2CE654822987B1BB003F5CBB /* ContentView.swift in Sources */,
				2CB3BEE5298CC10A009A4EA4 /* Myenum.swift in Sources */,
				2CE654AC2987B91C003F5CBB /* myFunction.swift in Sources */,
				2CB3BEE7298CD02C009A4EA4 /* Myswitch.swift in Sources */,
				2CE654802987B1BB003F5CBB /* StudyApp.swift in Sources */,
				2C2143102988198C00554B15 /* Loop.swift in Sources */,
			);
			runOnlyForDeploymentPostprocessing = 0;
		};
		2CE654882987B1BC003F5CBB /* Sources */ = {
			isa = PBXSourcesBuildPhase;
			buildActionMask = 2147483647;
			files = (
				2CE654912987B1BC003F5CBB /* StudyTests.swift in Sources */,
			);
			runOnlyForDeploymentPostprocessing = 0;
		};
		2CE654922987B1BC003F5CBB /* Sources */ = {
			isa = PBXSourcesBuildPhase;
			buildActionMask = 2147483647;
			files = (
				2CE6549D2987B1BC003F5CBB /* StudyUITestsLaunchTests.swift in Sources */,
				2CE6549B2987B1BC003F5CBB /* StudyUITests.swift in Sources */,
			);
			runOnlyForDeploymentPostprocessing = 0;
		};
/* End PBXSourcesBuildPhase section */

/* Begin PBXTargetDependency section */
		2CE6548E2987B1BC003F5CBB /* PBXTargetDependency */ = {
			isa = PBXTargetDependency;
			target = 2CE6547B2987B1BB003F5CBB /* Study */;
			targetProxy = 2CE6548D2987B1BC003F5CBB /* PBXContainerItemProxy */;
		};
		2CE654982987B1BC003F5CBB /* PBXTargetDependency */ = {
			isa = PBXTargetDependency;
			target = 2CE6547B2987B1BB003F5CBB /* Study */;
			targetProxy = 2CE654972987B1BC003F5CBB /* PBXContainerItemProxy */;
		};
/* End PBXTargetDependency section */

/* Begin XCBuildConfiguration section */
		2CE6549E2987B1BC003F5CBB /* Debug */ = {
			isa = XCBuildConfiguration;
			buildSettings = {
				ALWAYS_SEARCH_USER_PATHS = NO;
				CLANG_ANALYZER_NONNULL = YES;
				CLANG_ANALYZER_NUMBER_OBJECT_CONVERSION = YES_AGGRESSIVE;
				CLANG_CXX_LANGUAGE_STANDARD = "gnu++20";
				CLANG_ENABLE_MODULES = YES;
				CLANG_ENABLE_OBJC_ARC = YES;
				CLANG_ENABLE_OBJC_WEAK = YES;
				CLANG_WARN_BLOCK_CAPTURE_AUTORELEASING = YES;
				CLANG_WARN_BOOL_CONVERSION = YES;
				CLANG_WARN_COMMA = YES;
				CLANG_WARN_CONSTANT_CONVERSION = YES;
				CLANG_WARN_DEPRECATED_OBJC_IMPLEMENTATIONS = YES;
				CLANG_WARN_DIRECT_OBJC_ISA_USAGE = YES_ERROR;
				CLANG_WARN_DOCUMENTATION_COMMENTS = YES;
				CLANG_WARN_EMPTY_BODY = YES;
				CLANG_WARN_ENUM_CONVERSION = YES;
				CLANG_WARN_INFINITE_RECURSION = YES;
				CLANG_WARN_INT_CONVERSION = YES;
				CLANG_WARN_NON_LITERAL_NULL_CONVERSION = YES;
				CLANG_WARN_OBJC_IMPLICIT_RETAIN_SELF = YES;
				CLANG_WARN_OBJC_LITERAL_CONVERSION = YES;
				CLANG_WARN_OBJC_ROOT_CLASS = YES_ERROR;
				CLANG_WARN_QUOTED_INCLUDE_IN_FRAMEWORK_HEADER = YES;
				CLANG_WARN_RANGE_LOOP_ANALYSIS = YES;
				CLANG_WARN_STRICT_PROTOTYPES = YES;
				CLANG_WARN_SUSPICIOUS_MOVE = YES;
				CLANG_WARN_UNGUARDED_AVAILABILITY = YES_AGGRESSIVE;
				CLANG_WARN_UNREACHABLE_CODE = YES;
				CLANG_WARN__DUPLICATE_METHOD_MATCH = YES;
				COPY_PHASE_STRIP = NO;
				DEBUG_INFORMATION_FORMAT = dwarf;
				ENABLE_STRICT_OBJC_MSGSEND = YES;
				ENABLE_TESTABILITY = YES;
				GCC_C_LANGUAGE_STANDARD = gnu11;
				GCC_DYNAMIC_NO_PIC = NO;
				GCC_NO_COMMON_BLOCKS = YES;
				GCC_OPTIMIZATION_LEVEL = 0;
				GCC_PREPROCESSOR_DEFINITIONS = (
					"DEBUG=1",
					"$(inherited)",
				);
				GCC_WARN_64_TO_32_BIT_CONVERSION = YES;
				GCC_WARN_ABOUT_RETURN_TYPE = YES_ERROR;
				GCC_WARN_UNDECLARED_SELECTOR = YES;
				GCC_WARN_UNINITIALIZED_AUTOS = YES_AGGRESSIVE;
				GCC_WARN_UNUSED_FUNCTION = YES;
				GCC_WARN_UNUSED_VARIABLE = YES;
				IPHONEOS_DEPLOYMENT_TARGET = 16.2;
				MTL_ENABLE_DEBUG_INFO = INCLUDE_SOURCE;
				MTL_FAST_MATH = YES;
				ONLY_ACTIVE_ARCH = YES;
				SDKROOT = iphoneos;
				SWIFT_ACTIVE_COMPILATION_CONDITIONS = DEBUG;
				SWIFT_OPTIMIZATION_LEVEL = "-Onone";
			};
			name = Debug;
		};
		2CE6549F2987B1BC003F5CBB /* Release */ = {
			isa = XCBuildConfiguration;
			buildSettings = {
				ALWAYS_SEARCH_USER_PATHS = NO;
				CLANG_ANALYZER_NONNULL = YES;
				CLANG_ANALYZER_NUMBER_OBJECT_CONVERSION = YES_AGGRESSIVE;
				CLANG_CXX_LANGUAGE_STANDARD = "gnu++20";
				CLANG_ENABLE_MODULES = YES;
				CLANG_ENABLE_OBJC_ARC = YES;
				CLANG_ENABLE_OBJC_WEAK = YES;
				CLANG_WARN_BLOCK_CAPTURE_AUTORELEASING = YES;
				CLANG_WARN_BOOL_CONVERSION = YES;
				CLANG_WARN_COMMA = YES;
				CLANG_WARN_CONSTANT_CONVERSION = YES;
				CLANG_WARN_DEPRECATED_OBJC_IMPLEMENTATIONS = YES;
				CLANG_WARN_DIRECT_OBJC_ISA_USAGE = YES_ERROR;
				CLANG_WARN_DOCUMENTATION_COMMENTS = YES;
				CLANG_WARN_EMPTY_BODY = YES;
				CLANG_WARN_ENUM_CONVERSION = YES;
				CLANG_WARN_INFINITE_RECURSION = YES;
				CLANG_WARN_INT_CONVERSION = YES;
				CLANG_WARN_NON_LITERAL_NULL_CONVERSION = YES;
				CLANG_WARN_OBJC_IMPLICIT_RETAIN_SELF = YES;
				CLANG_WARN_OBJC_LITERAL_CONVERSION = YES;
				CLANG_WARN_OBJC_ROOT_CLASS = YES_ERROR;
				CLANG_WARN_QUOTED_INCLUDE_IN_FRAMEWORK_HEADER = YES;
				CLANG_WARN_RANGE_LOOP_ANALYSIS = YES;
				CLANG_WARN_STRICT_PROTOTYPES = YES;
				CLANG_WARN_SUSPICIOUS_MOVE = YES;
				CLANG_WARN_UNGUARDED_AVAILABILITY = YES_AGGRESSIVE;
				CLANG_WARN_UNREACHABLE_CODE = YES;
				CLANG_WARN__DUPLICATE_METHOD_MATCH = YES;
				COPY_PHASE_STRIP = NO;
				DEBUG_INFORMATION_FORMAT = "dwarf-with-dsym";
				ENABLE_NS_ASSERTIONS = NO;
				ENABLE_STRICT_OBJC_MSGSEND = YES;
				GCC_C_LANGUAGE_STANDARD = gnu11;
				GCC_NO_COMMON_BLOCKS = YES;
				GCC_WARN_64_TO_32_BIT_CONVERSION = YES;
				GCC_WARN_ABOUT_RETURN_TYPE = YES_ERROR;
				GCC_WARN_UNDECLARED_SELECTOR = YES;
				GCC_WARN_UNINITIALIZED_AUTOS = YES_AGGRESSIVE;
				GCC_WARN_UNUSED_FUNCTION = YES;
				GCC_WARN_UNUSED_VARIABLE = YES;
				IPHONEOS_DEPLOYMENT_TARGET = 16.2;
				MTL_ENABLE_DEBUG_INFO = NO;
				MTL_FAST_MATH = YES;
				SDKROOT = iphoneos;
				SWIFT_COMPILATION_MODE = wholemodule;
				SWIFT_OPTIMIZATION_LEVEL = "-O";
				VALIDATE_PRODUCT = YES;
			};
			name = Release;
		};
		2CE654A12987B1BC003F5CBB /* Debug */ = {
			isa = XCBuildConfiguration;
			buildSettings = {
				ASSETCATALOG_COMPILER_APPICON_NAME = AppIcon;
				ASSETCATALOG_COMPILER_GLOBAL_ACCENT_COLOR_NAME = AccentColor;
				CODE_SIGN_STYLE = Automatic;
				CURRENT_PROJECT_VERSION = 1;
				DEVELOPMENT_ASSET_PATHS = "\"Study/Preview Content\"";
				DEVELOPMENT_TEAM = U4BQZ3AXAA;
				ENABLE_PREVIEWS = YES;
				GENERATE_INFOPLIST_FILE = YES;
				INFOPLIST_KEY_UIApplicationSceneManifest_Generation = YES;
				INFOPLIST_KEY_UIApplicationSupportsIndirectInputEvents = YES;
				INFOPLIST_KEY_UILaunchScreen_Generation = YES;
				INFOPLIST_KEY_UISupportedInterfaceOrientations_iPad = "UIInterfaceOrientationPortrait UIInterfaceOrientationPortraitUpsideDown UIInterfaceOrientationLandscapeLeft UIInterfaceOrientationLandscapeRight";
				INFOPLIST_KEY_UISupportedInterfaceOrientations_iPhone = "UIInterfaceOrientationPortrait UIInterfaceOrientationLandscapeLeft UIInterfaceOrientationLandscapeRight";
				LD_RUNPATH_SEARCH_PATHS = (
					"$(inherited)",
					"@executable_path/Frameworks",
				);
				MARKETING_VERSION = 1.0;
				PRODUCT_BUNDLE_IDENTIFIER = com.sueunkim.Study;
				PRODUCT_NAME = "$(TARGET_NAME)";
				SWIFT_EMIT_LOC_STRINGS = YES;
				SWIFT_VERSION = 5.0;
				TARGETED_DEVICE_FAMILY = "1,2";
			};
			name = Debug;
		};
		2CE654A22987B1BC003F5CBB /* Release */ = {
			isa = XCBuildConfiguration;
			buildSettings = {
				ASSETCATALOG_COMPILER_APPICON_NAME = AppIcon;
				ASSETCATALOG_COMPILER_GLOBAL_ACCENT_COLOR_NAME = AccentColor;
				CODE_SIGN_STYLE = Automatic;
				CURRENT_PROJECT_VERSION = 1;
				DEVELOPMENT_ASSET_PATHS = "\"Study/Preview Content\"";
				DEVELOPMENT_TEAM = U4BQZ3AXAA;
				ENABLE_PREVIEWS = YES;
				GENERATE_INFOPLIST_FILE = YES;
				INFOPLIST_KEY_UIApplicationSceneManifest_Generation = YES;
				INFOPLIST_KEY_UIApplicationSupportsIndirectInputEvents = YES;
				INFOPLIST_KEY_UILaunchScreen_Generation = YES;
				INFOPLIST_KEY_UISupportedInterfaceOrientations_iPad = "UIInterfaceOrientationPortrait UIInterfaceOrientationPortraitUpsideDown UIInterfaceOrientationLandscapeLeft UIInterfaceOrientationLandscapeRight";
				INFOPLIST_KEY_UISupportedInterfaceOrientations_iPhone = "UIInterfaceOrientationPortrait UIInterfaceOrientationLandscapeLeft UIInterfaceOrientationLandscapeRight";
				LD_RUNPATH_SEARCH_PATHS = (
					"$(inherited)",
					"@executable_path/Frameworks",
				);
				MARKETING_VERSION = 1.0;
				PRODUCT_BUNDLE_IDENTIFIER = com.sueunkim.Study;
				PRODUCT_NAME = "$(TARGET_NAME)";
				SWIFT_EMIT_LOC_STRINGS = YES;
				SWIFT_VERSION = 5.0;
				TARGETED_DEVICE_FAMILY = "1,2";
			};
			name = Release;
		};
		2CE654A42987B1BC003F5CBB /* Debug */ = {
			isa = XCBuildConfiguration;
			buildSettings = {
				ALWAYS_EMBED_SWIFT_STANDARD_LIBRARIES = YES;
				BUNDLE_LOADER = "$(TEST_HOST)";
				CODE_SIGN_STYLE = Automatic;
				CURRENT_PROJECT_VERSION = 1;
				DEVELOPMENT_TEAM = U4BQZ3AXAA;
				GENERATE_INFOPLIST_FILE = YES;
				IPHONEOS_DEPLOYMENT_TARGET = 16.2;
				MARKETING_VERSION = 1.0;
				PRODUCT_BUNDLE_IDENTIFIER = com.sueunkim.StudyTests;
				PRODUCT_NAME = "$(TARGET_NAME)";
				SWIFT_EMIT_LOC_STRINGS = NO;
				SWIFT_VERSION = 5.0;
				TARGETED_DEVICE_FAMILY = "1,2";
				TEST_HOST = "$(BUILT_PRODUCTS_DIR)/Study.app/$(BUNDLE_EXECUTABLE_FOLDER_PATH)/Study";
			};
			name = Debug;
		};
		2CE654A52987B1BC003F5CBB /* Release */ = {
			isa = XCBuildConfiguration;
			buildSettings = {
				ALWAYS_EMBED_SWIFT_STANDARD_LIBRARIES = YES;
				BUNDLE_LOADER = "$(TEST_HOST)";
				CODE_SIGN_STYLE = Automatic;
				CURRENT_PROJECT_VERSION = 1;
				DEVELOPMENT_TEAM = U4BQZ3AXAA;
				GENERATE_INFOPLIST_FILE = YES;
				IPHONEOS_DEPLOYMENT_TARGET = 16.2;
				MARKETING_VERSION = 1.0;
				PRODUCT_BUNDLE_IDENTIFIER = com.sueunkim.StudyTests;
				PRODUCT_NAME = "$(TARGET_NAME)";
				SWIFT_EMIT_LOC_STRINGS = NO;
				SWIFT_VERSION = 5.0;
				TARGETED_DEVICE_FAMILY = "1,2";
				TEST_HOST = "$(BUILT_PRODUCTS_DIR)/Study.app/$(BUNDLE_EXECUTABLE_FOLDER_PATH)/Study";
			};
			name = Release;
		};
		2CE654A72987B1BC003F5CBB /* Debug */ = {
			isa = XCBuildConfiguration;
			buildSettings = {
				ALWAYS_EMBED_SWIFT_STANDARD_LIBRARIES = YES;
				CODE_SIGN_STYLE = Automatic;
				CURRENT_PROJECT_VERSION = 1;
				DEVELOPMENT_TEAM = U4BQZ3AXAA;
				GENERATE_INFOPLIST_FILE = YES;
				MARKETING_VERSION = 1.0;
				PRODUCT_BUNDLE_IDENTIFIER = com.sueunkim.StudyUITests;
				PRODUCT_NAME = "$(TARGET_NAME)";
				SWIFT_EMIT_LOC_STRINGS = NO;
				SWIFT_VERSION = 5.0;
				TARGETED_DEVICE_FAMILY = "1,2";
				TEST_TARGET_NAME = Study;
			};
			name = Debug;
		};
		2CE654A82987B1BC003F5CBB /* Release */ = {
			isa = XCBuildConfiguration;
			buildSettings = {
				ALWAYS_EMBED_SWIFT_STANDARD_LIBRARIES = YES;
				CODE_SIGN_STYLE = Automatic;
				CURRENT_PROJECT_VERSION = 1;
				DEVELOPMENT_TEAM = U4BQZ3AXAA;
				GENERATE_INFOPLIST_FILE = YES;
				MARKETING_VERSION = 1.0;
				PRODUCT_BUNDLE_IDENTIFIER = com.sueunkim.StudyUITests;
				PRODUCT_NAME = "$(TARGET_NAME)";
				SWIFT_EMIT_LOC_STRINGS = NO;
				SWIFT_VERSION = 5.0;
				TARGETED_DEVICE_FAMILY = "1,2";
				TEST_TARGET_NAME = Study;
			};
			name = Release;
		};
/* End XCBuildConfiguration section */

/* Begin XCConfigurationList section */
		2CE654772987B1BB003F5CBB /* Build configuration list for PBXProject "Study" */ = {
			isa = XCConfigurationList;
			buildConfigurations = (
				2CE6549E2987B1BC003F5CBB /* Debug */,
				2CE6549F2987B1BC003F5CBB /* Release */,
			);
			defaultConfigurationIsVisible = 0;
			defaultConfigurationName = Release;
		};
		2CE654A02987B1BC003F5CBB /* Build configuration list for PBXNativeTarget "Study" */ = {
			isa = XCConfigurationList;
			buildConfigurations = (
				2CE654A12987B1BC003F5CBB /* Debug */,
				2CE654A22987B1BC003F5CBB /* Release */,
			);
			defaultConfigurationIsVisible = 0;
			defaultConfigurationName = Release;
		};
		2CE654A32987B1BC003F5CBB /* Build configuration list for PBXNativeTarget "StudyTests" */ = {
			isa = XCConfigurationList;
			buildConfigurations = (
				2CE654A42987B1BC003F5CBB /* Debug */,
				2CE654A52987B1BC003F5CBB /* Release */,
			);
			defaultConfigurationIsVisible = 0;
			defaultConfigurationName = Release;
		};
		2CE654A62987B1BC003F5CBB /* Build configuration list for PBXNativeTarget "StudyUITests" */ = {
			isa = XCConfigurationList;
			buildConfigurations = (
				2CE654A72987B1BC003F5CBB /* Debug */,
				2CE654A82987B1BC003F5CBB /* Release */,
			);
			defaultConfigurationIsVisible = 0;
			defaultConfigurationName = Release;
		};
/* End XCConfigurationList section */
	};
	rootObject = 2CE654742987B1BB003F5CBB /* Project object */;
}
