// !$*UTF8*$!
{
	archiveVersion = 1;
	classes = {
	};
	objectVersion = 56;
	objects = {

/* Begin PBXBuildFile section */
		2C190AF629F111390092A7B6 /* Level2_Toggle.swift in Sources */ = {isa = PBXBuildFile; fileRef = 2C190AF529F111390092A7B6 /* Level2_Toggle.swift */; };
		2C190AF829F144280092A7B6 /* Level2_TextField.swift in Sources */ = {isa = PBXBuildFile; fileRef = 2C190AF729F144280092A7B6 /* Level2_TextField.swift */; };
		2C19499E29FB9ED3007D20AB /* Level3_Binding.swift in Sources */ = {isa = PBXBuildFile; fileRef = 2C19499D29FB9ED3007D20AB /* Level3_Binding.swift */; };
		2C1949A129FBD318007D20AB /* Level3_Slider.swift in Sources */ = {isa = PBXBuildFile; fileRef = 2C1949A029FBD318007D20AB /* Level3_Slider.swift */; };
		2C1E727829D4179C00DBCD80 /* Level2_FunctinoAndMethode.swift in Sources */ = {isa = PBXBuildFile; fileRef = 2C1E727729D4179C00DBCD80 /* Level2_FunctinoAndMethode.swift */; };
		2C1E727A29D4269300DBCD80 /* Level2_Properties.swift in Sources */ = {isa = PBXBuildFile; fileRef = 2C1E727929D4269300DBCD80 /* Level2_Properties.swift */; };
		2C1E727C29D4996B00DBCD80 /* Level2_EnumAfter.swift in Sources */ = {isa = PBXBuildFile; fileRef = 2C1E727B29D4996B00DBCD80 /* Level2_EnumAfter.swift */; };
		2C1FFC5C29F305B500242EB6 /* Level2_ProgressView.swift in Sources */ = {isa = PBXBuildFile; fileRef = 2C1FFC5B29F305B500242EB6 /* Level2_ProgressView.swift */; };
		2C1FFC5E29F3D21000242EB6 /* Level2_Label.swift in Sources */ = {isa = PBXBuildFile; fileRef = 2C1FFC5D29F3D21000242EB6 /* Level2_Label.swift */; };
		2C1FFC6029F3D74000242EB6 /* Level2_NavigationStack.swift in Sources */ = {isa = PBXBuildFile; fileRef = 2C1FFC5F29F3D74000242EB6 /* Level2_NavigationStack.swift */; };
		2C2143102988198C00554B15 /* Loop.swift in Sources */ = {isa = PBXBuildFile; fileRef = 2C21430F2988198C00554B15 /* Loop.swift */; };
		2C3D0B0329C497C500DCC167 /* Level2_Class.swift in Sources */ = {isa = PBXBuildFile; fileRef = 2C3D0B0229C497C500DCC167 /* Level2_Class.swift */; };
		2C42FAE42A04E37F008B8C94 /* level3_Gradiant.swift in Sources */ = {isa = PBXBuildFile; fileRef = 2C42FAE32A04E37F008B8C94 /* level3_Gradiant.swift */; };
		2C48B97C29BC5E9D001A273F /* KeypadAppTabView.swift in Sources */ = {isa = PBXBuildFile; fileRef = 2C48B97B29BC5E9D001A273F /* KeypadAppTabView.swift */; };
		2C48B97E29BC61D6001A273F /* KeypadApp.swift in Sources */ = {isa = PBXBuildFile; fileRef = 2C48B97D29BC61D6001A273F /* KeypadApp.swift */; };
		2C564502299BD2C8007C3B32 /* myButton.swift in Sources */ = {isa = PBXBuildFile; fileRef = 2C564501299BD2C8007C3B32 /* myButton.swift */; };
		2C564504299BDD4E007C3B32 /* myimage.swift in Sources */ = {isa = PBXBuildFile; fileRef = 2C564503299BDD4E007C3B32 /* myimage.swift */; };
		2C564506299CA667007C3B32 /* Mystack.swift in Sources */ = {isa = PBXBuildFile; fileRef = 2C564505299CA667007C3B32 /* Mystack.swift */; };
		2C564508299CB09C007C3B32 /* MyScrollView.swift in Sources */ = {isa = PBXBuildFile; fileRef = 2C564507299CB09C007C3B32 /* MyScrollView.swift */; };
		2C56450A299E4BF9007C3B32 /* myLIst.swift in Sources */ = {isa = PBXBuildFile; fileRef = 2C564509299E4BF9007C3B32 /* myLIst.swift */; };
		2C56450C299E94BB007C3B32 /* selector.swift in Sources */ = {isa = PBXBuildFile; fileRef = 2C56450B299E94BB007C3B32 /* selector.swift */; };
		2C60968E29CC3C730004F6B2 /* Level2_Optional.swift in Sources */ = {isa = PBXBuildFile; fileRef = 2C60968D29CC3C730004F6B2 /* Level2_Optional.swift */; };
		2C60969029D036B50004F6B2 /* Level2_Struct.swift in Sources */ = {isa = PBXBuildFile; fileRef = 2C60968F29D036B50004F6B2 /* Level2_Struct.swift */; };
		2C60969229D08B6F0004F6B2 /* Level2_OptionalBinding.swift in Sources */ = {isa = PBXBuildFile; fileRef = 2C60969129D08B6F0004F6B2 /* Level2_OptionalBinding.swift */; };
		2C60969429D08FE20004F6B2 /* Level2_OptionalChaining.swift in Sources */ = {isa = PBXBuildFile; fileRef = 2C60969329D08FE20004F6B2 /* Level2_OptionalChaining.swift */; };
		2C75E8DD29A233650068DD0B /* mySpacer.swift in Sources */ = {isa = PBXBuildFile; fileRef = 2C75E8DC29A233650068DD0B /* mySpacer.swift */; };
		2C75E8DF29A23AA10068DD0B /* myColor.swift in Sources */ = {isa = PBXBuildFile; fileRef = 2C75E8DE29A23AA10068DD0B /* myColor.swift */; };
		2C7A5CDC29D835F700CFDCC1 /* Level2_Training.swift in Sources */ = {isa = PBXBuildFile; fileRef = 2C7A5CDB29D835F700CFDCC1 /* Level2_Training.swift */; };
		2C8C1B6F29FA921B008E12CF /* Level3_Shape.swift in Sources */ = {isa = PBXBuildFile; fileRef = 2C8C1B6E29FA921B008E12CF /* Level3_Shape.swift */; };
		2C91A94829A343A8005A5E75 /* myView.swift in Sources */ = {isa = PBXBuildFile; fileRef = 2C91A94729A343A8005A5E75 /* myView.swift */; };
		2C91A94A29A34D79005A5E75 /* myState.swift in Sources */ = {isa = PBXBuildFile; fileRef = 2C91A94929A34D79005A5E75 /* myState.swift */; };
		2C91A94C29A3533B005A5E75 /* myModifier.swift in Sources */ = {isa = PBXBuildFile; fileRef = 2C91A94B29A3533B005A5E75 /* myModifier.swift */; };
		2C91A94E29A358BD005A5E75 /* myPadding.swift in Sources */ = {isa = PBXBuildFile; fileRef = 2C91A94D29A358BD005A5E75 /* myPadding.swift */; };
		2C91A95029A48F9B005A5E75 /* myFrame.swift in Sources */ = {isa = PBXBuildFile; fileRef = 2C91A94F29A48F9B005A5E75 /* myFrame.swift */; };
		2C91A95229A4B581005A5E75 /* practice01.swift in Sources */ = {isa = PBXBuildFile; fileRef = 2C91A95129A4B581005A5E75 /* practice01.swift */; };
		2CB3BEE5298CC10A009A4EA4 /* Myenum.swift in Sources */ = {isa = PBXBuildFile; fileRef = 2CB3BEE4298CC10A009A4EA4 /* Myenum.swift */; };
		2CB3BEE7298CD02C009A4EA4 /* Myswitch.swift in Sources */ = {isa = PBXBuildFile; fileRef = 2CB3BEE6298CD02C009A4EA4 /* Myswitch.swift */; };
		2CB692C329FE99AD0047A7D7 /* Level3_Stepper.swift in Sources */ = {isa = PBXBuildFile; fileRef = 2CB692C229FE99AD0047A7D7 /* Level3_Stepper.swift */; };
		2CB692C529FFFF0C0047A7D7 /* Level3_TextEditor.swift in Sources */ = {isa = PBXBuildFile; fileRef = 2CB692C429FFFF0C0047A7D7 /* Level3_TextEditor.swift */; };
		2CCF58D22A04FE58001B7C94 /* level3_Grid.swift in Sources */ = {isa = PBXBuildFile; fileRef = 2CCF58D12A04FE58001B7C94 /* level3_Grid.swift */; };
		2CE654802987B1BB003F5CBB /* StudyApp.swift in Sources */ = {isa = PBXBuildFile; fileRef = 2CE6547F2987B1BB003F5CBB /* StudyApp.swift */; };
		2CE654822987B1BB003F5CBB /* ContentView.swift in Sources */ = {isa = PBXBuildFile; fileRef = 2CE654812987B1BB003F5CBB /* ContentView.swift */; };
		2CE654842987B1BC003F5CBB /* Assets.xcassets in Resources */ = {isa = PBXBuildFile; fileRef = 2CE654832987B1BC003F5CBB /* Assets.xcassets */; };
		2CE654872987B1BC003F5CBB /* Preview Assets.xcassets in Resources */ = {isa = PBXBuildFile; fileRef = 2CE654862987B1BC003F5CBB /* Preview Assets.xcassets */; };
		2CE654912987B1BC003F5CBB /* StudyTests.swift in Sources */ = {isa = PBXBuildFile; fileRef = 2CE654902987B1BC003F5CBB /* StudyTests.swift */; };
		2CE6549B2987B1BC003F5CBB /* StudyUITests.swift in Sources */ = {isa = PBXBuildFile; fileRef = 2CE6549A2987B1BC003F5CBB /* StudyUITests.swift */; };
		2CE6549D2987B1BC003F5CBB /* StudyUITestsLaunchTests.swift in Sources */ = {isa = PBXBuildFile; fileRef = 2CE6549C2987B1BC003F5CBB /* StudyUITestsLaunchTests.swift */; };
		2CE654AC2987B91C003F5CBB /* myFunction.swift in Sources */ = {isa = PBXBuildFile; fileRef = 2CE654AB2987B91C003F5CBB /* myFunction.swift */; };
		2CE6E44029EFAA4800DBF542 /* DarkMod.swift in Sources */ = {isa = PBXBuildFile; fileRef = 2CE6E43F29EFAA4800DBF542 /* DarkMod.swift */; };
		2CE6E44229EFC15B00DBF542 /* Level2_Divider.swift in Sources */ = {isa = PBXBuildFile; fileRef = 2CE6E44129EFC15B00DBF542 /* Level2_Divider.swift */; };
		2CE6E44429EFCC9E00DBF542 /* Level2_Modal.swift in Sources */ = {isa = PBXBuildFile; fileRef = 2CE6E44329EFCC9E00DBF542 /* Level2_Modal.swift */; };
		2CE6E44629F00F0800DBF542 /* level2_Alert.swift in Sources */ = {isa = PBXBuildFile; fileRef = 2CE6E44529F00F0800DBF542 /* level2_Alert.swift */; };
		2CE878A529ADF9670078E233 /* TabViewTest.swift in Sources */ = {isa = PBXBuildFile; fileRef = 2CE878A429ADF9670078E233 /* TabViewTest.swift */; };
		2CF598D829C99562005B379F /* Level2_Closer.swift in Sources */ = {isa = PBXBuildFile; fileRef = 2CF598D729C99562005B379F /* Level2_Closer.swift */; };
		2CF5ECE52A03C8BE00F5C62A /* level3_ColorHex.swift in Sources */ = {isa = PBXBuildFile; fileRef = 2CF5ECE42A03C8BE00F5C62A /* level3_ColorHex.swift */; };
		2CF5ECE72A03D7BB00F5C62A /* level3_Animation.swift in Sources */ = {isa = PBXBuildFile; fileRef = 2CF5ECE62A03D7BB00F5C62A /* level3_Animation.swift */; };
/* End PBXBuildFile section */

/* Begin PBXContainerItemProxy section */
		2CE6548D2987B1BC003F5CBB /* PBXContainerItemProxy */ = {
			isa = PBXContainerItemProxy;
			containerPortal = 2CE654742987B1BB003F5CBB /* Project object */;
			proxyType = 1;
			remoteGlobalIDString = 2CE6547B2987B1BB003F5CBB;
			remoteInfo = Study;
		};
		2CE654972987B1BC003F5CBB /* PBXContainerItemProxy */ = {
			isa = PBXContainerItemProxy;
			containerPortal = 2CE654742987B1BB003F5CBB /* Project object */;
			proxyType = 1;
			remoteGlobalIDString = 2CE6547B2987B1BB003F5CBB;
			remoteInfo = Study;
		};
/* End PBXContainerItemProxy section */

/* Begin PBXFileReference section */
		2C190AF529F111390092A7B6 /* Level2_Toggle.swift */ = {isa = PBXFileReference; lastKnownFileType = sourcecode.swift; path = Level2_Toggle.swift; sourceTree = "<group>"; };
		2C190AF729F144280092A7B6 /* Level2_TextField.swift */ = {isa = PBXFileReference; lastKnownFileType = sourcecode.swift; path = Level2_TextField.swift; sourceTree = "<group>"; };
		2C19499D29FB9ED3007D20AB /* Level3_Binding.swift */ = {isa = PBXFileReference; lastKnownFileType = sourcecode.swift; path = Level3_Binding.swift; sourceTree = "<group>"; };
		2C19499F29FBA713007D20AB /* README.md */ = {isa = PBXFileReference; lastKnownFileType = net.daringfireball.markdown; path = README.md; sourceTree = "<group>"; };
		2C1949A029FBD318007D20AB /* Level3_Slider.swift */ = {isa = PBXFileReference; lastKnownFileType = sourcecode.swift; path = Level3_Slider.swift; sourceTree = "<group>"; };
		2C1E727729D4179C00DBCD80 /* Level2_FunctinoAndMethode.swift */ = {isa = PBXFileReference; lastKnownFileType = sourcecode.swift; path = Level2_FunctinoAndMethode.swift; sourceTree = "<group>"; };
		2C1E727929D4269300DBCD80 /* Level2_Properties.swift */ = {isa = PBXFileReference; lastKnownFileType = sourcecode.swift; path = Level2_Properties.swift; sourceTree = "<group>"; };
		2C1E727B29D4996B00DBCD80 /* Level2_EnumAfter.swift */ = {isa = PBXFileReference; lastKnownFileType = sourcecode.swift; path = Level2_EnumAfter.swift; sourceTree = "<group>"; };
		2C1FFC5B29F305B500242EB6 /* Level2_ProgressView.swift */ = {isa = PBXFileReference; lastKnownFileType = sourcecode.swift; path = Level2_ProgressView.swift; sourceTree = "<group>"; };
		2C1FFC5D29F3D21000242EB6 /* Level2_Label.swift */ = {isa = PBXFileReference; lastKnownFileType = sourcecode.swift; path = Level2_Label.swift; sourceTree = "<group>"; };
		2C1FFC5F29F3D74000242EB6 /* Level2_NavigationStack.swift */ = {isa = PBXFileReference; lastKnownFileType = sourcecode.swift; path = Level2_NavigationStack.swift; sourceTree = "<group>"; };
		2C21430E2987FE7100554B15 /* README.md */ = {isa = PBXFileReference; lastKnownFileType = net.daringfireball.markdown; path = README.md; sourceTree = "<group>"; };
		2C21430F2988198C00554B15 /* Loop.swift */ = {isa = PBXFileReference; lastKnownFileType = sourcecode.swift; path = Loop.swift; sourceTree = "<group>"; };
		2C3D0B0129C496F100DCC167 /* Readme.md */ = {isa = PBXFileReference; lastKnownFileType = net.daringfireball.markdown; path = Readme.md; sourceTree = "<group>"; };
		2C3D0B0229C497C500DCC167 /* Level2_Class.swift */ = {isa = PBXFileReference; lastKnownFileType = sourcecode.swift; path = Level2_Class.swift; sourceTree = "<group>"; };
		2C42FAE32A04E37F008B8C94 /* level3_Gradiant.swift */ = {isa = PBXFileReference; lastKnownFileType = sourcecode.swift; path = level3_Gradiant.swift; sourceTree = "<group>"; };
		2C48B97B29BC5E9D001A273F /* KeypadAppTabView.swift */ = {isa = PBXFileReference; lastKnownFileType = sourcecode.swift; path = KeypadAppTabView.swift; sourceTree = "<group>"; };
		2C48B97D29BC61D6001A273F /* KeypadApp.swift */ = {isa = PBXFileReference; lastKnownFileType = sourcecode.swift; path = KeypadApp.swift; sourceTree = "<group>"; };
		2C564501299BD2C8007C3B32 /* myButton.swift */ = {isa = PBXFileReference; lastKnownFileType = sourcecode.swift; path = myButton.swift; sourceTree = "<group>"; };
		2C564503299BDD4E007C3B32 /* myimage.swift */ = {isa = PBXFileReference; lastKnownFileType = sourcecode.swift; path = myimage.swift; sourceTree = "<group>"; };
		2C564505299CA667007C3B32 /* Mystack.swift */ = {isa = PBXFileReference; lastKnownFileType = sourcecode.swift; path = Mystack.swift; sourceTree = "<group>"; };
		2C564507299CB09C007C3B32 /* MyScrollView.swift */ = {isa = PBXFileReference; lastKnownFileType = sourcecode.swift; path = MyScrollView.swift; sourceTree = "<group>"; };
		2C564509299E4BF9007C3B32 /* myLIst.swift */ = {isa = PBXFileReference; lastKnownFileType = sourcecode.swift; path = myLIst.swift; sourceTree = "<group>"; };
		2C56450B299E94BB007C3B32 /* selector.swift */ = {isa = PBXFileReference; lastKnownFileType = sourcecode.swift; path = selector.swift; sourceTree = "<group>"; };
		2C60968D29CC3C730004F6B2 /* Level2_Optional.swift */ = {isa = PBXFileReference; lastKnownFileType = sourcecode.swift; path = Level2_Optional.swift; sourceTree = "<group>"; };
		2C60968F29D036B50004F6B2 /* Level2_Struct.swift */ = {isa = PBXFileReference; lastKnownFileType = sourcecode.swift; path = Level2_Struct.swift; sourceTree = "<group>"; };
		2C60969129D08B6F0004F6B2 /* Level2_OptionalBinding.swift */ = {isa = PBXFileReference; lastKnownFileType = sourcecode.swift; path = Level2_OptionalBinding.swift; sourceTree = "<group>"; };
		2C60969329D08FE20004F6B2 /* Level2_OptionalChaining.swift */ = {isa = PBXFileReference; lastKnownFileType = sourcecode.swift; path = Level2_OptionalChaining.swift; sourceTree = "<group>"; };
		2C75E8DC29A233650068DD0B /* mySpacer.swift */ = {isa = PBXFileReference; lastKnownFileType = sourcecode.swift; path = mySpacer.swift; sourceTree = "<group>"; };
		2C75E8DE29A23AA10068DD0B /* myColor.swift */ = {isa = PBXFileReference; lastKnownFileType = sourcecode.swift; path = myColor.swift; sourceTree = "<group>"; };
		2C7A5CDB29D835F700CFDCC1 /* Level2_Training.swift */ = {isa = PBXFileReference; lastKnownFileType = sourcecode.swift; path = Level2_Training.swift; sourceTree = "<group>"; };
		2C8C1B6E29FA921B008E12CF /* Level3_Shape.swift */ = {isa = PBXFileReference; lastKnownFileType = sourcecode.swift; path = Level3_Shape.swift; sourceTree = "<group>"; };
		2C91A94729A343A8005A5E75 /* myView.swift */ = {isa = PBXFileReference; lastKnownFileType = sourcecode.swift; path = myView.swift; sourceTree = "<group>"; };
		2C91A94929A34D79005A5E75 /* myState.swift */ = {isa = PBXFileReference; lastKnownFileType = sourcecode.swift; path = myState.swift; sourceTree = "<group>"; };
		2C91A94B29A3533B005A5E75 /* myModifier.swift */ = {isa = PBXFileReference; lastKnownFileType = sourcecode.swift; path = myModifier.swift; sourceTree = "<group>"; };
		2C91A94D29A358BD005A5E75 /* myPadding.swift */ = {isa = PBXFileReference; lastKnownFileType = sourcecode.swift; path = myPadding.swift; sourceTree = "<group>"; };
		2C91A94F29A48F9B005A5E75 /* myFrame.swift */ = {isa = PBXFileReference; lastKnownFileType = sourcecode.swift; path = myFrame.swift; sourceTree = "<group>"; };
		2C91A95129A4B581005A5E75 /* practice01.swift */ = {isa = PBXFileReference; lastKnownFileType = sourcecode.swift; path = practice01.swift; sourceTree = "<group>"; };
		2CB3BEE4298CC10A009A4EA4 /* Myenum.swift */ = {isa = PBXFileReference; lastKnownFileType = sourcecode.swift; path = Myenum.swift; sourceTree = "<group>"; };
		2CB3BEE6298CD02C009A4EA4 /* Myswitch.swift */ = {isa = PBXFileReference; lastKnownFileType = sourcecode.swift; path = Myswitch.swift; sourceTree = "<group>"; };
		2CB692C229FE99AD0047A7D7 /* Level3_Stepper.swift */ = {isa = PBXFileReference; lastKnownFileType = sourcecode.swift; path = Level3_Stepper.swift; sourceTree = "<group>"; };
		2CB692C429FFFF0C0047A7D7 /* Level3_TextEditor.swift */ = {isa = PBXFileReference; lastKnownFileType = sourcecode.swift; path = Level3_TextEditor.swift; sourceTree = "<group>"; };
		2CCF58D12A04FE58001B7C94 /* level3_Grid.swift */ = {isa = PBXFileReference; lastKnownFileType = sourcecode.swift; path = level3_Grid.swift; sourceTree = "<group>"; };
		2CE6547C2987B1BB003F5CBB /* Study.app */ = {isa = PBXFileReference; explicitFileType = wrapper.application; includeInIndex = 0; path = Study.app; sourceTree = BUILT_PRODUCTS_DIR; };
		2CE6547F2987B1BB003F5CBB /* StudyApp.swift */ = {isa = PBXFileReference; lastKnownFileType = sourcecode.swift; path = StudyApp.swift; sourceTree = "<group>"; };
		2CE654812987B1BB003F5CBB /* ContentView.swift */ = {isa = PBXFileReference; lastKnownFileType = sourcecode.swift; path = ContentView.swift; sourceTree = "<group>"; };
		2CE654832987B1BC003F5CBB /* Assets.xcassets */ = {isa = PBXFileReference; lastKnownFileType = folder.assetcatalog; path = Assets.xcassets; sourceTree = "<group>"; };
		2CE654862987B1BC003F5CBB /* Preview Assets.xcassets */ = {isa = PBXFileReference; lastKnownFileType = folder.assetcatalog; path = "Preview Assets.xcassets"; sourceTree = "<group>"; };
		2CE6548C2987B1BC003F5CBB /* StudyTests.xctest */ = {isa = PBXFileReference; explicitFileType = wrapper.cfbundle; includeInIndex = 0; path = StudyTests.xctest; sourceTree = BUILT_PRODUCTS_DIR; };
		2CE654902987B1BC003F5CBB /* StudyTests.swift */ = {isa = PBXFileReference; lastKnownFileType = sourcecode.swift; path = StudyTests.swift; sourceTree = "<group>"; };
		2CE654962987B1BC003F5CBB /* StudyUITests.xctest */ = {isa = PBXFileReference; explicitFileType = wrapper.cfbundle; includeInIndex = 0; path = StudyUITests.xctest; sourceTree = BUILT_PRODUCTS_DIR; };
		2CE6549A2987B1BC003F5CBB /* StudyUITests.swift */ = {isa = PBXFileReference; lastKnownFileType = sourcecode.swift; path = StudyUITests.swift; sourceTree = "<group>"; };
		2CE6549C2987B1BC003F5CBB /* StudyUITestsLaunchTests.swift */ = {isa = PBXFileReference; lastKnownFileType = sourcecode.swift; path = StudyUITestsLaunchTests.swift; sourceTree = "<group>"; };
		2CE654AB2987B91C003F5CBB /* myFunction.swift */ = {isa = PBXFileReference; lastKnownFileType = sourcecode.swift; path = myFunction.swift; sourceTree = "<group>"; };
		2CE6E43F29EFAA4800DBF542 /* DarkMod.swift */ = {isa = PBXFileReference; lastKnownFileType = sourcecode.swift; path = DarkMod.swift; sourceTree = "<group>"; };
		2CE6E44129EFC15B00DBF542 /* Level2_Divider.swift */ = {isa = PBXFileReference; lastKnownFileType = sourcecode.swift; path = Level2_Divider.swift; sourceTree = "<group>"; };
		2CE6E44329EFCC9E00DBF542 /* Level2_Modal.swift */ = {isa = PBXFileReference; lastKnownFileType = sourcecode.swift; path = Level2_Modal.swift; sourceTree = "<group>"; };
		2CE6E44529F00F0800DBF542 /* level2_Alert.swift */ = {isa = PBXFileReference; lastKnownFileType = sourcecode.swift; path = level2_Alert.swift; sourceTree = "<group>"; };
		2CE878A429ADF9670078E233 /* TabViewTest.swift */ = {isa = PBXFileReference; lastKnownFileType = sourcecode.swift; path = TabViewTest.swift; sourceTree = "<group>"; };
		2CF598D729C99562005B379F /* Level2_Closer.swift */ = {isa = PBXFileReference; lastKnownFileType = sourcecode.swift; path = Level2_Closer.swift; sourceTree = "<group>"; };
		2CF5ECE42A03C8BE00F5C62A /* level3_ColorHex.swift */ = {isa = PBXFileReference; lastKnownFileType = sourcecode.swift; path = level3_ColorHex.swift; sourceTree = "<group>"; };
		2CF5ECE62A03D7BB00F5C62A /* level3_Animation.swift */ = {isa = PBXFileReference; lastKnownFileType = sourcecode.swift; path = level3_Animation.swift; sourceTree = "<group>"; };
/* End PBXFileReference section */

/* Begin PBXFrameworksBuildPhase section */
		2CE654792987B1BB003F5CBB /* Frameworks */ = {
			isa = PBXFrameworksBuildPhase;
			buildActionMask = 2147483647;
			files = (
			);
			runOnlyForDeploymentPostprocessing = 0;
		};
		2CE654892987B1BC003F5CBB /* Frameworks */ = {
			isa = PBXFrameworksBuildPhase;
			buildActionMask = 2147483647;
			files = (
			);
			runOnlyForDeploymentPostprocessing = 0;
		};
		2CE654932987B1BC003F5CBB /* Frameworks */ = {
			isa = PBXFrameworksBuildPhase;
			buildActionMask = 2147483647;
			files = (
			);
			runOnlyForDeploymentPostprocessing = 0;
		};
/* End PBXFrameworksBuildPhase section */

/* Begin PBXGroup section */
		2C3D0B0429C49CF800DCC167 /* level1 */ = {
			isa = PBXGroup;
			children = (
				2C564509299E4BF9007C3B32 /* myLIst.swift */,
				2C21430E2987FE7100554B15 /* README.md */,
				2C75E8DE29A23AA10068DD0B /* myColor.swift */,
				2C48B97B29BC5E9D001A273F /* KeypadAppTabView.swift */,
				2CE654AB2987B91C003F5CBB /* myFunction.swift */,
				2C48B97D29BC61D6001A273F /* KeypadApp.swift */,
				2C564501299BD2C8007C3B32 /* myButton.swift */,
				2C564503299BDD4E007C3B32 /* myimage.swift */,
				2C56450B299E94BB007C3B32 /* selector.swift */,
				2C91A94929A34D79005A5E75 /* myState.swift */,
				2C91A94B29A3533B005A5E75 /* myModifier.swift */,
				2C91A94D29A358BD005A5E75 /* myPadding.swift */,
				2C91A94F29A48F9B005A5E75 /* myFrame.swift */,
				2C91A95129A4B581005A5E75 /* practice01.swift */,
				2CE878A429ADF9670078E233 /* TabViewTest.swift */,
				2C75E8DC29A233650068DD0B /* mySpacer.swift */,
				2CB3BEE6298CD02C009A4EA4 /* Myswitch.swift */,
				2C91A94729A343A8005A5E75 /* myView.swift */,
				2CB3BEE4298CC10A009A4EA4 /* Myenum.swift */,
				2C564505299CA667007C3B32 /* Mystack.swift */,
				2C564507299CB09C007C3B32 /* MyScrollView.swift */,
				2C21430F2988198C00554B15 /* Loop.swift */,
			);
			path = level1;
			sourceTree = "<group>";
		};
		2C3D0B0529C49D2F00DCC167 /* level2 */ = {
			isa = PBXGroup;
			children = (
				2C190AF729F144280092A7B6 /* Level2_TextField.swift */,
				2C3D0B0129C496F100DCC167 /* Readme.md */,
				2CE6E44329EFCC9E00DBF542 /* Level2_Modal.swift */,
				2C60969329D08FE20004F6B2 /* Level2_OptionalChaining.swift */,
				2C60969129D08B6F0004F6B2 /* Level2_OptionalBinding.swift */,
				2C60968D29CC3C730004F6B2 /* Level2_Optional.swift */,
				2C3D0B0229C497C500DCC167 /* Level2_Class.swift */,
				2C60968F29D036B50004F6B2 /* Level2_Struct.swift */,
				2CF598D729C99562005B379F /* Level2_Closer.swift */,
				2C1FFC5B29F305B500242EB6 /* Level2_ProgressView.swift */,
				2CE6E44529F00F0800DBF542 /* level2_Alert.swift */,
				2C1FFC5F29F3D74000242EB6 /* Level2_NavigationStack.swift */,
				2C1FFC5D29F3D21000242EB6 /* Level2_Label.swift */,
				2C1E727729D4179C00DBCD80 /* Level2_FunctinoAndMethode.swift */,
				2C1E727929D4269300DBCD80 /* Level2_Properties.swift */,
				2C1E727B29D4996B00DBCD80 /* Level2_EnumAfter.swift */,
				2CE6E43F29EFAA4800DBF542 /* DarkMod.swift */,
				2C190AF529F111390092A7B6 /* Level2_Toggle.swift */,
				2C7A5CDB29D835F700CFDCC1 /* Level2_Training.swift */,
				2CE6E44129EFC15B00DBF542 /* Level2_Divider.swift */,
			);
			path = level2;
			sourceTree = "<group>";
		};
		2C8C1B6D29FA9200008E12CF /* level3 */ = {
			isa = PBXGroup;
			children = (
				2C8C1B6E29FA921B008E12CF /* Level3_Shape.swift */,
				2C19499D29FB9ED3007D20AB /* Level3_Binding.swift */,
				2CB692C229FE99AD0047A7D7 /* Level3_Stepper.swift */,
				2CB692C429FFFF0C0047A7D7 /* Level3_TextEditor.swift */,
				2CF5ECE42A03C8BE00F5C62A /* level3_ColorHex.swift */,
				2C42FAE32A04E37F008B8C94 /* level3_Gradiant.swift */,
				2CCF58D12A04FE58001B7C94 /* level3_Grid.swift */,
				2CF5ECE62A03D7BB00F5C62A /* level3_Animation.swift */,
				2C1949A029FBD318007D20AB /* Level3_Slider.swift */,
				2C19499F29FBA713007D20AB /* README.md */,
			);
			path = level3;
			sourceTree = "<group>";
		};
		2CE654732987B1BB003F5CBB = {
			isa = PBXGroup;
			children = (
				2CE6547E2987B1BB003F5CBB /* Study */,
				2CE6548F2987B1BC003F5CBB /* StudyTests */,
				2CE654992987B1BC003F5CBB /* StudyUITests */,
				2CE6547D2987B1BB003F5CBB /* Products */,
			);
			sourceTree = "<group>";
		};
		2CE6547D2987B1BB003F5CBB /* Products */ = {
			isa = PBXGroup;
			children = (
				2CE6547C2987B1BB003F5CBB /* Study.app */,
				2CE6548C2987B1BC003F5CBB /* StudyTests.xctest */,
				2CE654962987B1BC003F5CBB /* StudyUITests.xctest */,
			);
			name = Products;
			sourceTree = "<group>";
		};
		2CE6547E2987B1BB003F5CBB /* Study */ = {
			isa = PBXGroup;
			children = (
				2CE6547F2987B1BB003F5CBB /* StudyApp.swift */,
				2CE654812987B1BB003F5CBB /* ContentView.swift */,
				2C8C1B6D29FA9200008E12CF /* level3 */,
				2C3D0B0529C49D2F00DCC167 /* level2 */,
				2C3D0B0429C49CF800DCC167 /* level1 */,
				2CE654832987B1BC003F5CBB /* Assets.xcassets */,
				2CE654852987B1BC003F5CBB /* Preview Content */,
			);
			path = Study;
			sourceTree = "<group>";
		};
		2CE654852987B1BC003F5CBB /* Preview Content */ = {
			isa = PBXGroup;
			children = (
				2CE654862987B1BC003F5CBB /* Preview Assets.xcassets */,
			);
			path = "Preview Content";
			sourceTree = "<group>";
		};
		2CE6548F2987B1BC003F5CBB /* StudyTests */ = {
			isa = PBXGroup;
			children = (
				2CE654902987B1BC003F5CBB /* StudyTests.swift */,
			);
			path = StudyTests;
			sourceTree = "<group>";
		};
		2CE654992987B1BC003F5CBB /* StudyUITests */ = {
			isa = PBXGroup;
			children = (
				2CE6549A2987B1BC003F5CBB /* StudyUITests.swift */,
				2CE6549C2987B1BC003F5CBB /* StudyUITestsLaunchTests.swift */,
			);
			path = StudyUITests;
			sourceTree = "<group>";
		};
/* End PBXGroup section */

/* Begin PBXNativeTarget section */
		2CE6547B2987B1BB003F5CBB /* Study */ = {
			isa = PBXNativeTarget;
			buildConfigurationList = 2CE654A02987B1BC003F5CBB /* Build configuration list for PBXNativeTarget "Study" */;
			buildPhases = (
				2CE654782987B1BB003F5CBB /* Sources */,
				2CE654792987B1BB003F5CBB /* Frameworks */,
				2CE6547A2987B1BB003F5CBB /* Resources */,
			);
			buildRules = (
			);
			dependencies = (
			);
			name = Study;
			productName = Study;
			productReference = 2CE6547C2987B1BB003F5CBB /* Study.app */;
			productType = "com.apple.product-type.application";
		};
		2CE6548B2987B1BC003F5CBB /* StudyTests */ = {
			isa = PBXNativeTarget;
			buildConfigurationList = 2CE654A32987B1BC003F5CBB /* Build configuration list for PBXNativeTarget "StudyTests" */;
			buildPhases = (
				2CE654882987B1BC003F5CBB /* Sources */,
				2CE654892987B1BC003F5CBB /* Frameworks */,
				2CE6548A2987B1BC003F5CBB /* Resources */,
			);
			buildRules = (
			);
			dependencies = (
				2CE6548E2987B1BC003F5CBB /* PBXTargetDependency */,
			);
			name = StudyTests;
			productName = StudyTests;
			productReference = 2CE6548C2987B1BC003F5CBB /* StudyTests.xctest */;
			productType = "com.apple.product-type.bundle.unit-test";
		};
		2CE654952987B1BC003F5CBB /* StudyUITests */ = {
			isa = PBXNativeTarget;
			buildConfigurationList = 2CE654A62987B1BC003F5CBB /* Build configuration list for PBXNativeTarget "StudyUITests" */;
			buildPhases = (
				2CE654922987B1BC003F5CBB /* Sources */,
				2CE654932987B1BC003F5CBB /* Frameworks */,
				2CE654942987B1BC003F5CBB /* Resources */,
			);
			buildRules = (
			);
			dependencies = (
				2CE654982987B1BC003F5CBB /* PBXTargetDependency */,
			);
			name = StudyUITests;
			productName = StudyUITests;
			productReference = 2CE654962987B1BC003F5CBB /* StudyUITests.xctest */;
			productType = "com.apple.product-type.bundle.ui-testing";
		};
/* End PBXNativeTarget section */

/* Begin PBXProject section */
		2CE654742987B1BB003F5CBB /* Project object */ = {
			isa = PBXProject;
			attributes = {
				BuildIndependentTargetsInParallel = 1;
				LastSwiftUpdateCheck = 1420;
				LastUpgradeCheck = 1420;
				TargetAttributes = {
					2CE6547B2987B1BB003F5CBB = {
						CreatedOnToolsVersion = 14.2;
					};
					2CE6548B2987B1BC003F5CBB = {
						CreatedOnToolsVersion = 14.2;
						TestTargetID = 2CE6547B2987B1BB003F5CBB;
					};
					2CE654952987B1BC003F5CBB = {
						CreatedOnToolsVersion = 14.2;
						TestTargetID = 2CE6547B2987B1BB003F5CBB;
					};
				};
			};
			buildConfigurationList = 2CE654772987B1BB003F5CBB /* Build configuration list for PBXProject "Study" */;
			compatibilityVersion = "Xcode 14.0";
			developmentRegion = en;
			hasScannedForEncodings = 0;
			knownRegions = (
				en,
				Base,
			);
			mainGroup = 2CE654732987B1BB003F5CBB;
			productRefGroup = 2CE6547D2987B1BB003F5CBB /* Products */;
			projectDirPath = "";
			projectRoot = "";
			targets = (
				2CE6547B2987B1BB003F5CBB /* Study */,
				2CE6548B2987B1BC003F5CBB /* StudyTests */,
				2CE654952987B1BC003F5CBB /* StudyUITests */,
			);
		};
/* End PBXProject section */

/* Begin PBXResourcesBuildPhase section */
		2CE6547A2987B1BB003F5CBB /* Resources */ = {
			isa = PBXResourcesBuildPhase;
			buildActionMask = 2147483647;
			files = (
				2CE654872987B1BC003F5CBB /* Preview Assets.xcassets in Resources */,
				2CE654842987B1BC003F5CBB /* Assets.xcassets in Resources */,
			);
			runOnlyForDeploymentPostprocessing = 0;
		};
		2CE6548A2987B1BC003F5CBB /* Resources */ = {
			isa = PBXResourcesBuildPhase;
			buildActionMask = 2147483647;
			files = (
			);
			runOnlyForDeploymentPostprocessing = 0;
		};
		2CE654942987B1BC003F5CBB /* Resources */ = {
			isa = PBXResourcesBuildPhase;
			buildActionMask = 2147483647;
			files = (
			);
			runOnlyForDeploymentPostprocessing = 0;
		};
/* End PBXResourcesBuildPhase section */

/* Begin PBXSourcesBuildPhase section */
		2CE654782987B1BB003F5CBB /* Sources */ = {
			isa = PBXSourcesBuildPhase;
			buildActionMask = 2147483647;
			files = (
				2C1FFC6029F3D74000242EB6 /* Level2_NavigationStack.swift in Sources */,
				2CE654822987B1BB003F5CBB /* ContentView.swift in Sources */,
				2C1E727C29D4996B00DBCD80 /* Level2_EnumAfter.swift in Sources */,
				2C564504299BDD4E007C3B32 /* myimage.swift in Sources */,
				2CE6E44429EFCC9E00DBF542 /* Level2_Modal.swift in Sources */,
				2C60969429D08FE20004F6B2 /* Level2_OptionalChaining.swift in Sources */,
				2CE6E44229EFC15B00DBF542 /* Level2_Divider.swift in Sources */,
				2C75E8DD29A233650068DD0B /* mySpacer.swift in Sources */,
				2C91A95229A4B581005A5E75 /* practice01.swift in Sources */,
				2CE878A529ADF9670078E233 /* TabViewTest.swift in Sources */,
				2C1949A129FBD318007D20AB /* Level3_Slider.swift in Sources */,
				2C91A94E29A358BD005A5E75 /* myPadding.swift in Sources */,
				2CF5ECE72A03D7BB00F5C62A /* level3_Animation.swift in Sources */,
				2C1FFC5E29F3D21000242EB6 /* Level2_Label.swift in Sources */,
				2C48B97E29BC61D6001A273F /* KeypadApp.swift in Sources */,
				2CB3BEE5298CC10A009A4EA4 /* Myenum.swift in Sources */,
				2C564502299BD2C8007C3B32 /* myButton.swift in Sources */,
				2C1FFC5C29F305B500242EB6 /* Level2_ProgressView.swift in Sources */,
				2C91A94C29A3533B005A5E75 /* myModifier.swift in Sources */,
				2C60969029D036B50004F6B2 /* Level2_Struct.swift in Sources */,
				2CCF58D22A04FE58001B7C94 /* level3_Grid.swift in Sources */,
				2C1E727A29D4269300DBCD80 /* Level2_Properties.swift in Sources */,
				2C8C1B6F29FA921B008E12CF /* Level3_Shape.swift in Sources */,
				2C91A95029A48F9B005A5E75 /* myFrame.swift in Sources */,
				2C564506299CA667007C3B32 /* Mystack.swift in Sources */,
				2C3D0B0329C497C500DCC167 /* Level2_Class.swift in Sources */,
				2C564508299CB09C007C3B32 /* MyScrollView.swift in Sources */,
				2C7A5CDC29D835F700CFDCC1 /* Level2_Training.swift in Sources */,
				2CE654AC2987B91C003F5CBB /* myFunction.swift in Sources */,
				2CE6E44629F00F0800DBF542 /* level2_Alert.swift in Sources */,
				2C190AF829F144280092A7B6 /* Level2_TextField.swift in Sources */,
				2C19499E29FB9ED3007D20AB /* Level3_Binding.swift in Sources */,
				2CB692C529FFFF0C0047A7D7 /* Level3_TextEditor.swift in Sources */,
				2C42FAE42A04E37F008B8C94 /* level3_Gradiant.swift in Sources */,
				2CB3BEE7298CD02C009A4EA4 /* Myswitch.swift in Sources */,
				2C75E8DF29A23AA10068DD0B /* myColor.swift in Sources */,
				2CE654802987B1BB003F5CBB /* StudyApp.swift in Sources */,
				2C2143102988198C00554B15 /* Loop.swift in Sources */,
				2CB692C329FE99AD0047A7D7 /* Level3_Stepper.swift in Sources */,
				2C56450C299E94BB007C3B32 /* selector.swift in Sources */,
				2C60969229D08B6F0004F6B2 /* Level2_OptionalBinding.swift in Sources */,
				2C91A94829A343A8005A5E75 /* myView.swift in Sources */,
				2C56450A299E4BF9007C3B32 /* myLIst.swift in Sources */,
				2C190AF629F111390092A7B6 /* Level2_Toggle.swift in Sources */,
				2C48B97C29BC5E9D001A273F /* KeypadAppTabView.swift in Sources */,
				2CF598D829C99562005B379F /* Level2_Closer.swift in Sources */,
				2C91A94A29A34D79005A5E75 /* myState.swift in Sources */,
				2C1E727829D4179C00DBCD80 /* Level2_FunctinoAndMethode.swift in Sources */,
				2CE6E44029EFAA4800DBF542 /* DarkMod.swift in Sources */,
				2CF5ECE52A03C8BE00F5C62A /* level3_ColorHex.swift in Sources */,
				2C60968E29CC3C730004F6B2 /* Level2_Optional.swift in Sources */,
			);
			runOnlyForDeploymentPostprocessing = 0;
		};
		2CE654882987B1BC003F5CBB /* Sources */ = {
			isa = PBXSourcesBuildPhase;
			buildActionMask = 2147483647;
			files = (
				2CE654912987B1BC003F5CBB /* StudyTests.swift in Sources */,
			);
			runOnlyForDeploymentPostprocessing = 0;
		};
		2CE654922987B1BC003F5CBB /* Sources */ = {
			isa = PBXSourcesBuildPhase;
			buildActionMask = 2147483647;
			files = (
				2CE6549D2987B1BC003F5CBB /* StudyUITestsLaunchTests.swift in Sources */,
				2CE6549B2987B1BC003F5CBB /* StudyUITests.swift in Sources */,
			);
			runOnlyForDeploymentPostprocessing = 0;
		};
/* End PBXSourcesBuildPhase section */

/* Begin PBXTargetDependency section */
		2CE6548E2987B1BC003F5CBB /* PBXTargetDependency */ = {
			isa = PBXTargetDependency;
			target = 2CE6547B2987B1BB003F5CBB /* Study */;
			targetProxy = 2CE6548D2987B1BC003F5CBB /* PBXContainerItemProxy */;
		};
		2CE654982987B1BC003F5CBB /* PBXTargetDependency */ = {
			isa = PBXTargetDependency;
			target = 2CE6547B2987B1BB003F5CBB /* Study */;
			targetProxy = 2CE654972987B1BC003F5CBB /* PBXContainerItemProxy */;
		};
/* End PBXTargetDependency section */

/* Begin XCBuildConfiguration section */
		2CE6549E2987B1BC003F5CBB /* Debug */ = {
			isa = XCBuildConfiguration;
			buildSettings = {
				ALWAYS_SEARCH_USER_PATHS = NO;
				CLANG_ANALYZER_NONNULL = YES;
				CLANG_ANALYZER_NUMBER_OBJECT_CONVERSION = YES_AGGRESSIVE;
				CLANG_CXX_LANGUAGE_STANDARD = "gnu++20";
				CLANG_ENABLE_MODULES = YES;
				CLANG_ENABLE_OBJC_ARC = YES;
				CLANG_ENABLE_OBJC_WEAK = YES;
				CLANG_WARN_BLOCK_CAPTURE_AUTORELEASING = YES;
				CLANG_WARN_BOOL_CONVERSION = YES;
				CLANG_WARN_COMMA = YES;
				CLANG_WARN_CONSTANT_CONVERSION = YES;
				CLANG_WARN_DEPRECATED_OBJC_IMPLEMENTATIONS = YES;
				CLANG_WARN_DIRECT_OBJC_ISA_USAGE = YES_ERROR;
				CLANG_WARN_DOCUMENTATION_COMMENTS = YES;
				CLANG_WARN_EMPTY_BODY = YES;
				CLANG_WARN_ENUM_CONVERSION = YES;
				CLANG_WARN_INFINITE_RECURSION = YES;
				CLANG_WARN_INT_CONVERSION = YES;
				CLANG_WARN_NON_LITERAL_NULL_CONVERSION = YES;
				CLANG_WARN_OBJC_IMPLICIT_RETAIN_SELF = YES;
				CLANG_WARN_OBJC_LITERAL_CONVERSION = YES;
				CLANG_WARN_OBJC_ROOT_CLASS = YES_ERROR;
				CLANG_WARN_QUOTED_INCLUDE_IN_FRAMEWORK_HEADER = YES;
				CLANG_WARN_RANGE_LOOP_ANALYSIS = YES;
				CLANG_WARN_STRICT_PROTOTYPES = YES;
				CLANG_WARN_SUSPICIOUS_MOVE = YES;
				CLANG_WARN_UNGUARDED_AVAILABILITY = YES_AGGRESSIVE;
				CLANG_WARN_UNREACHABLE_CODE = YES;
				CLANG_WARN__DUPLICATE_METHOD_MATCH = YES;
				COPY_PHASE_STRIP = NO;
				DEBUG_INFORMATION_FORMAT = dwarf;
				ENABLE_STRICT_OBJC_MSGSEND = YES;
				ENABLE_TESTABILITY = YES;
				GCC_C_LANGUAGE_STANDARD = gnu11;
				GCC_DYNAMIC_NO_PIC = NO;
				GCC_NO_COMMON_BLOCKS = YES;
				GCC_OPTIMIZATION_LEVEL = 0;
				GCC_PREPROCESSOR_DEFINITIONS = (
					"DEBUG=1",
					"$(inherited)",
				);
				GCC_WARN_64_TO_32_BIT_CONVERSION = YES;
				GCC_WARN_ABOUT_RETURN_TYPE = YES_ERROR;
				GCC_WARN_UNDECLARED_SELECTOR = YES;
				GCC_WARN_UNINITIALIZED_AUTOS = YES_AGGRESSIVE;
				GCC_WARN_UNUSED_FUNCTION = YES;
				GCC_WARN_UNUSED_VARIABLE = YES;
				IPHONEOS_DEPLOYMENT_TARGET = 16.2;
				MTL_ENABLE_DEBUG_INFO = INCLUDE_SOURCE;
				MTL_FAST_MATH = YES;
				ONLY_ACTIVE_ARCH = YES;
				SDKROOT = iphoneos;
				SWIFT_ACTIVE_COMPILATION_CONDITIONS = DEBUG;
				SWIFT_OPTIMIZATION_LEVEL = "-Onone";
			};
			name = Debug;
		};
		2CE6549F2987B1BC003F5CBB /* Release */ = {
			isa = XCBuildConfiguration;
			buildSettings = {
				ALWAYS_SEARCH_USER_PATHS = NO;
				CLANG_ANALYZER_NONNULL = YES;
				CLANG_ANALYZER_NUMBER_OBJECT_CONVERSION = YES_AGGRESSIVE;
				CLANG_CXX_LANGUAGE_STANDARD = "gnu++20";
				CLANG_ENABLE_MODULES = YES;
				CLANG_ENABLE_OBJC_ARC = YES;
				CLANG_ENABLE_OBJC_WEAK = YES;
				CLANG_WARN_BLOCK_CAPTURE_AUTORELEASING = YES;
				CLANG_WARN_BOOL_CONVERSION = YES;
				CLANG_WARN_COMMA = YES;
				CLANG_WARN_CONSTANT_CONVERSION = YES;
				CLANG_WARN_DEPRECATED_OBJC_IMPLEMENTATIONS = YES;
				CLANG_WARN_DIRECT_OBJC_ISA_USAGE = YES_ERROR;
				CLANG_WARN_DOCUMENTATION_COMMENTS = YES;
				CLANG_WARN_EMPTY_BODY = YES;
				CLANG_WARN_ENUM_CONVERSION = YES;
				CLANG_WARN_INFINITE_RECURSION = YES;
				CLANG_WARN_INT_CONVERSION = YES;
				CLANG_WARN_NON_LITERAL_NULL_CONVERSION = YES;
				CLANG_WARN_OBJC_IMPLICIT_RETAIN_SELF = YES;
				CLANG_WARN_OBJC_LITERAL_CONVERSION = YES;
				CLANG_WARN_OBJC_ROOT_CLASS = YES_ERROR;
				CLANG_WARN_QUOTED_INCLUDE_IN_FRAMEWORK_HEADER = YES;
				CLANG_WARN_RANGE_LOOP_ANALYSIS = YES;
				CLANG_WARN_STRICT_PROTOTYPES = YES;
				CLANG_WARN_SUSPICIOUS_MOVE = YES;
				CLANG_WARN_UNGUARDED_AVAILABILITY = YES_AGGRESSIVE;
				CLANG_WARN_UNREACHABLE_CODE = YES;
				CLANG_WARN__DUPLICATE_METHOD_MATCH = YES;
				COPY_PHASE_STRIP = NO;
				DEBUG_INFORMATION_FORMAT = "dwarf-with-dsym";
				ENABLE_NS_ASSERTIONS = NO;
				ENABLE_STRICT_OBJC_MSGSEND = YES;
				GCC_C_LANGUAGE_STANDARD = gnu11;
				GCC_NO_COMMON_BLOCKS = YES;
				GCC_WARN_64_TO_32_BIT_CONVERSION = YES;
				GCC_WARN_ABOUT_RETURN_TYPE = YES_ERROR;
				GCC_WARN_UNDECLARED_SELECTOR = YES;
				GCC_WARN_UNINITIALIZED_AUTOS = YES_AGGRESSIVE;
				GCC_WARN_UNUSED_FUNCTION = YES;
				GCC_WARN_UNUSED_VARIABLE = YES;
				IPHONEOS_DEPLOYMENT_TARGET = 16.2;
				MTL_ENABLE_DEBUG_INFO = NO;
				MTL_FAST_MATH = YES;
				SDKROOT = iphoneos;
				SWIFT_COMPILATION_MODE = wholemodule;
				SWIFT_OPTIMIZATION_LEVEL = "-O";
				VALIDATE_PRODUCT = YES;
			};
			name = Release;
		};
		2CE654A12987B1BC003F5CBB /* Debug */ = {
			isa = XCBuildConfiguration;
			buildSettings = {
				ASSETCATALOG_COMPILER_APPICON_NAME = AppIcon;
				ASSETCATALOG_COMPILER_GLOBAL_ACCENT_COLOR_NAME = AccentColor;
				CODE_SIGN_STYLE = Automatic;
				CURRENT_PROJECT_VERSION = 1;
				DEVELOPMENT_ASSET_PATHS = "\"Study/Preview Content\"";
				DEVELOPMENT_TEAM = U4BQZ3AXAA;
				ENABLE_PREVIEWS = YES;
				GENERATE_INFOPLIST_FILE = YES;
				INFOPLIST_KEY_UIApplicationSceneManifest_Generation = YES;
				INFOPLIST_KEY_UIApplicationSupportsIndirectInputEvents = YES;
				INFOPLIST_KEY_UILaunchScreen_Generation = YES;
				INFOPLIST_KEY_UISupportedInterfaceOrientations_iPad = "UIInterfaceOrientationPortrait UIInterfaceOrientationPortraitUpsideDown UIInterfaceOrientationLandscapeLeft UIInterfaceOrientationLandscapeRight";
				INFOPLIST_KEY_UISupportedInterfaceOrientations_iPhone = "UIInterfaceOrientationPortrait UIInterfaceOrientationLandscapeLeft UIInterfaceOrientationLandscapeRight";
				LD_RUNPATH_SEARCH_PATHS = (
					"$(inherited)",
					"@executable_path/Frameworks",
				);
				MARKETING_VERSION = 1.0;
				PRODUCT_BUNDLE_IDENTIFIER = com.sueunkim.Study;
				PRODUCT_NAME = "$(TARGET_NAME)";
				SWIFT_EMIT_LOC_STRINGS = YES;
				SWIFT_VERSION = 5.0;
				TARGETED_DEVICE_FAMILY = "1,2";
			};
			name = Debug;
		};
		2CE654A22987B1BC003F5CBB /* Release */ = {
			isa = XCBuildConfiguration;
			buildSettings = {
				ASSETCATALOG_COMPILER_APPICON_NAME = AppIcon;
				ASSETCATALOG_COMPILER_GLOBAL_ACCENT_COLOR_NAME = AccentColor;
				CODE_SIGN_STYLE = Automatic;
				CURRENT_PROJECT_VERSION = 1;
				DEVELOPMENT_ASSET_PATHS = "\"Study/Preview Content\"";
				DEVELOPMENT_TEAM = U4BQZ3AXAA;
				ENABLE_PREVIEWS = YES;
				GENERATE_INFOPLIST_FILE = YES;
				INFOPLIST_KEY_UIApplicationSceneManifest_Generation = YES;
				INFOPLIST_KEY_UIApplicationSupportsIndirectInputEvents = YES;
				INFOPLIST_KEY_UILaunchScreen_Generation = YES;
				INFOPLIST_KEY_UISupportedInterfaceOrientations_iPad = "UIInterfaceOrientationPortrait UIInterfaceOrientationPortraitUpsideDown UIInterfaceOrientationLandscapeLeft UIInterfaceOrientationLandscapeRight";
				INFOPLIST_KEY_UISupportedInterfaceOrientations_iPhone = "UIInterfaceOrientationPortrait UIInterfaceOrientationLandscapeLeft UIInterfaceOrientationLandscapeRight";
				LD_RUNPATH_SEARCH_PATHS = (
					"$(inherited)",
					"@executable_path/Frameworks",
				);
				MARKETING_VERSION = 1.0;
				PRODUCT_BUNDLE_IDENTIFIER = com.sueunkim.Study;
				PRODUCT_NAME = "$(TARGET_NAME)";
				SWIFT_EMIT_LOC_STRINGS = YES;
				SWIFT_VERSION = 5.0;
				TARGETED_DEVICE_FAMILY = "1,2";
			};
			name = Release;
		};
		2CE654A42987B1BC003F5CBB /* Debug */ = {
			isa = XCBuildConfiguration;
			buildSettings = {
				ALWAYS_EMBED_SWIFT_STANDARD_LIBRARIES = YES;
				BUNDLE_LOADER = "$(TEST_HOST)";
				CODE_SIGN_STYLE = Automatic;
				CURRENT_PROJECT_VERSION = 1;
				DEVELOPMENT_TEAM = U4BQZ3AXAA;
				GENERATE_INFOPLIST_FILE = YES;
				IPHONEOS_DEPLOYMENT_TARGET = 16.2;
				MARKETING_VERSION = 1.0;
				PRODUCT_BUNDLE_IDENTIFIER = com.sueunkim.StudyTests;
				PRODUCT_NAME = "$(TARGET_NAME)";
				SWIFT_EMIT_LOC_STRINGS = NO;
				SWIFT_VERSION = 5.0;
				TARGETED_DEVICE_FAMILY = "1,2";
				TEST_HOST = "$(BUILT_PRODUCTS_DIR)/Study.app/$(BUNDLE_EXECUTABLE_FOLDER_PATH)/Study";
			};
			name = Debug;
		};
		2CE654A52987B1BC003F5CBB /* Release */ = {
			isa = XCBuildConfiguration;
			buildSettings = {
				ALWAYS_EMBED_SWIFT_STANDARD_LIBRARIES = YES;
				BUNDLE_LOADER = "$(TEST_HOST)";
				CODE_SIGN_STYLE = Automatic;
				CURRENT_PROJECT_VERSION = 1;
				DEVELOPMENT_TEAM = U4BQZ3AXAA;
				GENERATE_INFOPLIST_FILE = YES;
				IPHONEOS_DEPLOYMENT_TARGET = 16.2;
				MARKETING_VERSION = 1.0;
				PRODUCT_BUNDLE_IDENTIFIER = com.sueunkim.StudyTests;
				PRODUCT_NAME = "$(TARGET_NAME)";
				SWIFT_EMIT_LOC_STRINGS = NO;
				SWIFT_VERSION = 5.0;
				TARGETED_DEVICE_FAMILY = "1,2";
				TEST_HOST = "$(BUILT_PRODUCTS_DIR)/Study.app/$(BUNDLE_EXECUTABLE_FOLDER_PATH)/Study";
			};
			name = Release;
		};
		2CE654A72987B1BC003F5CBB /* Debug */ = {
			isa = XCBuildConfiguration;
			buildSettings = {
				ALWAYS_EMBED_SWIFT_STANDARD_LIBRARIES = YES;
				CODE_SIGN_STYLE = Automatic;
				CURRENT_PROJECT_VERSION = 1;
				DEVELOPMENT_TEAM = U4BQZ3AXAA;
				GENERATE_INFOPLIST_FILE = YES;
				MARKETING_VERSION = 1.0;
				PRODUCT_BUNDLE_IDENTIFIER = com.sueunkim.StudyUITests;
				PRODUCT_NAME = "$(TARGET_NAME)";
				SWIFT_EMIT_LOC_STRINGS = NO;
				SWIFT_VERSION = 5.0;
				TARGETED_DEVICE_FAMILY = "1,2";
				TEST_TARGET_NAME = Study;
			};
			name = Debug;
		};
		2CE654A82987B1BC003F5CBB /* Release */ = {
			isa = XCBuildConfiguration;
			buildSettings = {
				ALWAYS_EMBED_SWIFT_STANDARD_LIBRARIES = YES;
				CODE_SIGN_STYLE = Automatic;
				CURRENT_PROJECT_VERSION = 1;
				DEVELOPMENT_TEAM = U4BQZ3AXAA;
				GENERATE_INFOPLIST_FILE = YES;
				MARKETING_VERSION = 1.0;
				PRODUCT_BUNDLE_IDENTIFIER = com.sueunkim.StudyUITests;
				PRODUCT_NAME = "$(TARGET_NAME)";
				SWIFT_EMIT_LOC_STRINGS = NO;
				SWIFT_VERSION = 5.0;
				TARGETED_DEVICE_FAMILY = "1,2";
				TEST_TARGET_NAME = Study;
			};
			name = Release;
		};
/* End XCBuildConfiguration section */

/* Begin XCConfigurationList section */
		2CE654772987B1BB003F5CBB /* Build configuration list for PBXProject "Study" */ = {
			isa = XCConfigurationList;
			buildConfigurations = (
				2CE6549E2987B1BC003F5CBB /* Debug */,
				2CE6549F2987B1BC003F5CBB /* Release */,
			);
			defaultConfigurationIsVisible = 0;
			defaultConfigurationName = Release;
		};
		2CE654A02987B1BC003F5CBB /* Build configuration list for PBXNativeTarget "Study" */ = {
			isa = XCConfigurationList;
			buildConfigurations = (
				2CE654A12987B1BC003F5CBB /* Debug */,
				2CE654A22987B1BC003F5CBB /* Release */,
			);
			defaultConfigurationIsVisible = 0;
			defaultConfigurationName = Release;
		};
		2CE654A32987B1BC003F5CBB /* Build configuration list for PBXNativeTarget "StudyTests" */ = {
			isa = XCConfigurationList;
			buildConfigurations = (
				2CE654A42987B1BC003F5CBB /* Debug */,
				2CE654A52987B1BC003F5CBB /* Release */,
			);
			defaultConfigurationIsVisible = 0;
			defaultConfigurationName = Release;
		};
		2CE654A62987B1BC003F5CBB /* Build configuration list for PBXNativeTarget "StudyUITests" */ = {
			isa = XCConfigurationList;
			buildConfigurations = (
				2CE654A72987B1BC003F5CBB /* Debug */,
				2CE654A82987B1BC003F5CBB /* Release */,
			);
			defaultConfigurationIsVisible = 0;
			defaultConfigurationName = Release;
		};
/* End XCConfigurationList section */
	};
	rootObject = 2CE654742987B1BB003F5CBB /* Project object */;
}
